{
  "name": "bitcoin-server",
  "lockfileVersion": 3,
  "requires": true,
  "packages": {
    "": {
      "name": "bitcoin-server",
      "workspaces": [
        "apps/*",
        "packages/*"
      ],
      "devDependencies": {
        "prettier": "^3.2.5",
        "turbo": "^2.0.14",
        "typescript": "^5.4.5"
      },
      "engines": {
        "node": ">=18"
      }
    },
    "apps/central": {
      "version": "1.0.0",
      "dependencies": {
        "@repo/types": "",
        "@repo/typescript-config": "",
        "bs58": "^6.0.0",
        "ws": "^8.18.0"
      },
      "devDependencies": {
        "@types/ws": "^8.5.12"
      }
    },
    "apps/docs": {
      "version": "0.1.0",
      "extraneous": true,
      "dependencies": {
        "@repo/ui": "*",
        "next": "15.0.0-rc.0",
        "react": "19.0.0-rc-f994737d14-20240522",
        "react-dom": "19.0.0-rc-f994737d14-20240522"
      },
      "devDependencies": {
        "@repo/eslint-config": "*",
        "@repo/typescript-config": "*",
        "@types/node": "^20",
        "@types/react": "^18",
        "@types/react-dom": "^18",
        "eslint": "^8",
        "eslint-config-next": "15.0.0-rc.0",
        "typescript": "^5"
      }
    },
    "apps/miner": {
      "version": "1.0.0",
      "license": "ISC",
      "dependencies": {
        "@repo/types": "",
        "@repo/typescript-config": "",
        "bs58": "^6.0.0"
      }
    },
    "apps/web": {
      "version": "0.1.0",
      "extraneous": true,
      "dependencies": {
        "@repo/ui": "*",
        "next": "15.0.0-rc.0",
        "react": "19.0.0-rc-f994737d14-20240522",
        "react-dom": "19.0.0-rc-f994737d14-20240522"
      },
      "devDependencies": {
        "@repo/eslint-config": "*",
        "@repo/typescript-config": "*",
        "@types/node": "^20",
        "@types/react": "^18",
        "@types/react-dom": "^18",
        "eslint": "^8",
        "eslint-config-next": "15.0.0-rc.0",
        "typescript": "^5"
      }
    },
    "node_modules/@repo/types": {
      "resolved": "packages/types",
      "link": true
    },
    "node_modules/@repo/typescript-config": {
      "resolved": "packages/typescript-config",
      "link": true
    },
    "node_modules/@types/node": {
      "version": "22.4.0",
      "resolved": "https://registry.npmjs.org/@types/node/-/node-22.4.0.tgz",
      "integrity": "sha512-49AbMDwYUz7EXxKU/r7mXOsxwFr4BYbvB7tWYxVuLdb2ibd30ijjXINSMAHiEEZk5PCRBmW1gUeisn2VMKt3cQ==",
      "dev": true,
      "dependencies": {
        "undici-types": "~6.19.2"
      }
    },
    "node_modules/@types/ws": {
      "version": "8.5.12",
      "resolved": "https://registry.npmjs.org/@types/ws/-/ws-8.5.12.tgz",
      "integrity": "sha512-3tPRkv1EtkDpzlgyKyI8pGsGZAGPEaXeu0DOj5DI25Ja91bdAYddYHbADRYVrZMRbfW+1l5YwXVDKohDJNQxkQ==",
      "dev": true,
      "dependencies": {
        "@types/node": "*"
      }
    },
    "node_modules/base-x": {
      "version": "5.0.0",
      "resolved": "https://registry.npmjs.org/base-x/-/base-x-5.0.0.tgz",
      "integrity": "sha512-sMW3VGSX1QWVFA6l8U62MLKz29rRfpTlYdCqLdpLo1/Yd4zZwSbnUaDfciIAowAqvq7YFnWq9hrhdg1KYgc1lQ=="
    },
    "node_modules/bs58": {
      "version": "6.0.0",
      "resolved": "https://registry.npmjs.org/bs58/-/bs58-6.0.0.tgz",
      "integrity": "sha512-PD0wEnEYg6ijszw/u8s+iI3H17cTymlrwkKhDhPZq+Sokl3AU4htyBFTjAeNAlCCmg0f53g6ih3jATyCKftTfw==",
      "dependencies": {
        "base-x": "^5.0.0"
      }
    },
    "node_modules/central": {
      "resolved": "apps/central",
      "link": true
    },
    "node_modules/miner": {
      "resolved": "apps/miner",
      "link": true
    },
    "node_modules/prettier": {
      "version": "3.3.3",
      "resolved": "https://registry.npmjs.org/prettier/-/prettier-3.3.3.tgz",
      "integrity": "sha512-i2tDNA0O5IrMO757lfrdQZCc2jPNDVntV0m/+4whiDfWaTKfMNgR7Qz0NAeGz/nRqF4m5/6CLzbP4/liHt12Ew==",
      "dev": true,
      "bin": {
        "prettier": "bin/prettier.cjs"
      },
      "engines": {
        "node": ">=14"
      },
      "funding": {
        "url": "https://github.com/prettier/prettier?sponsor=1"
      }
    },
    "node_modules/turbo": {
      "version": "2.0.14",
      "resolved": "https://registry.npmjs.org/turbo/-/turbo-2.0.14.tgz",
      "integrity": "sha512-00JjdCMD/cpsjP0Izkjcm8Oaor5yUCfDwODtaLb+WyblyadkaDEisGhy3Dbd5az9n+5iLSPiUgf+WjPbns6MRg==",
      "dev": true,
      "bin": {
        "turbo": "bin/turbo"
      },
      "optionalDependencies": {
        "turbo-darwin-64": "2.0.14",
        "turbo-darwin-arm64": "2.0.14",
        "turbo-linux-64": "2.0.14",
        "turbo-linux-arm64": "2.0.14",
        "turbo-windows-64": "2.0.14",
        "turbo-windows-arm64": "2.0.14"
      }
    },
    "node_modules/turbo-darwin-64": {
      "version": "2.0.14",
      "resolved": "https://registry.npmjs.org/turbo-darwin-64/-/turbo-darwin-64-2.0.14.tgz",
      "integrity": "sha512-kwfDmjNwlNfvtrvT29+ZBg5n1Wvxl891bFHchMJyzMoR0HOE9N1NSNdSZb9wG3e7sYNIu4uDkNk+VBEqJW0HzQ==",
      "cpu": [
        "x64"
      ],
      "dev": true,
      "optional": true,
      "os": [
        "darwin"
      ]
    },
    "node_modules/turbo-darwin-arm64": {
      "version": "2.0.14",
      "resolved": "https://registry.npmjs.org/turbo-darwin-arm64/-/turbo-darwin-arm64-2.0.14.tgz",
      "integrity": "sha512-m3LXYEshCx3wc4ZClM6gb01KYpFmtjQ9IBF3A7ofjb6ahux3xlYZJZ3uFCLAGHuvGLuJ3htfiPbwlDPTdknqqw==",
      "cpu": [
        "arm64"
      ],
      "dev": true,
      "optional": true,
      "os": [
        "darwin"
      ]
    },
    "node_modules/turbo-linux-64": {
      "version": "2.0.14",
      "resolved": "https://registry.npmjs.org/turbo-linux-64/-/turbo-linux-64-2.0.14.tgz",
      "integrity": "sha512-7vBzCPdoTtR92SNn2JMgj1FlMmyonGmpMaQdgAB1OVYtuQ6NVGoh7/lODfaILqXjpvmFSVbpBIDrKOT6EvcprQ==",
      "cpu": [
        "x64"
      ],
      "dev": true,
      "optional": true,
      "os": [
        "linux"
      ]
    },
    "node_modules/turbo-linux-arm64": {
      "version": "2.0.14",
      "resolved": "https://registry.npmjs.org/turbo-linux-arm64/-/turbo-linux-arm64-2.0.14.tgz",
      "integrity": "sha512-jwH+c0bfjpBf26K/tdEFatmnYyXwGROjbr6bZmNcL8R+IkGAc/cglL+OToqJnQZTgZvH7uDGbeSyUo7IsHyjuA==",
      "cpu": [
        "arm64"
      ],
      "dev": true,
      "optional": true,
      "os": [
        "linux"
      ]
    },
    "node_modules/turbo-windows-64": {
      "version": "2.0.14",
      "resolved": "https://registry.npmjs.org/turbo-windows-64/-/turbo-windows-64-2.0.14.tgz",
      "integrity": "sha512-w9/XwkHSzvLjmioo6cl3S1yRfI6swxsV1j1eJwtl66JM4/pn0H2rBa855R0n7hZnmI6H5ywLt/nLt6Ae8RTDmw==",
      "cpu": [
        "x64"
      ],
      "dev": true,
      "optional": true,
      "os": [
        "win32"
      ]
    },
    "node_modules/turbo-windows-arm64": {
      "version": "2.0.14",
      "resolved": "https://registry.npmjs.org/turbo-windows-arm64/-/turbo-windows-arm64-2.0.14.tgz",
      "integrity": "sha512-XaQlyYk+Rf4xS5XWCo8XCMIpssgGGy8blzLfolN6YBp4baElIWMlkLZHDbGyiFmCbNf9I9gJI64XGRG+LVyyjA==",
      "cpu": [
        "arm64"
      ],
      "dev": true,
      "optional": true,
      "os": [
        "win32"
      ]
    },
    "node_modules/typescript": {
      "version": "5.5.4",
      "resolved": "https://registry.npmjs.org/typescript/-/typescript-5.5.4.tgz",
      "integrity": "sha512-Mtq29sKDAEYP7aljRgtPOpTvOfbwRWlS6dPRzwjdE+C0R4brX/GUyhHSecbHMFLNBLcJIPt9nl9yG5TZ1weH+Q==",
      "dev": true,
      "bin": {
        "tsc": "bin/tsc",
        "tsserver": "bin/tsserver"
      },
      "engines": {
        "node": ">=14.17"
      }
    },
    "node_modules/undici-types": {
      "version": "6.19.6",
      "resolved": "https://registry.npmjs.org/undici-types/-/undici-types-6.19.6.tgz",
      "integrity": "sha512-e/vggGopEfTKSvj4ihnOLTsqhrKRN3LeO6qSN/GxohhuRv8qH9bNQ4B8W7e/vFL+0XTnmHPB4/kegunZGA4Org==",
      "dev": true
    },
    "node_modules/ws": {
      "version": "8.18.0",
      "resolved": "https://registry.npmjs.org/ws/-/ws-8.18.0.tgz",
      "integrity": "sha512-8VbfWfHLbbwu3+N6OKsOMpBdT4kXPDDB9cJk2bJ6mh9ucxdlnNvH1e+roYkKmN9Nxw2yjz7VzeO9oOz2zJ04Pw==",
      "engines": {
        "node": ">=10.0.0"
      },
      "peerDependencies": {
        "bufferutil": "^4.0.1",
        "utf-8-validate": ">=5.0.2"
      },
      "peerDependenciesMeta": {
        "bufferutil": {
          "optional": true
        },
        "utf-8-validate": {
          "optional": true
        }
      }
    },
    "packages/eslint-config": {
      "name": "@repo/eslint-config",
      "version": "0.0.0",
      "extraneous": true,
      "devDependencies": {
        "@typescript-eslint/eslint-plugin": "^7.1.0",
        "@typescript-eslint/parser": "^7.1.0",
        "@vercel/style-guide": "^5.2.0",
        "eslint-config-prettier": "^9.1.0",
        "eslint-config-turbo": "^2.0.0",
        "eslint-plugin-only-warn": "^1.1.0",
        "typescript": "^5.3.3"
      }
    },
    "packages/types": {
      "name": "@repo/types",
      "version": "1.0.0",
      "license": "ISC",
      "devDependencies": {
        "@repo/typescript-config": "*",
        "typescript": "latest"
      }
    },
    "packages/typescript-config": {
      "name": "@repo/typescript-config",
      "version": "0.0.0",
      "license": "MIT"
    },
    "packages/ui": {
      "name": "@repo/ui",
      "version": "0.0.0",
      "extraneous": true,
      "dependencies": {
        "react": "^18.2.0"
      },
      "devDependencies": {
        "@repo/eslint-config": "*",
        "@repo/typescript-config": "*",
        "@turbo/gen": "^1.12.4",
        "@types/eslint": "^8.56.5",
        "@types/node": "^20.11.24",
        "@types/react": "^18.2.61",
        "@types/react-dom": "^18.2.19",
        "eslint": "^8.57.0",
        "typescript": "^5.3.3"
      }
    }
  }
}
